
Microsoft Visual Studio Solution File, Format Version 12.00
# Visual Studio 2013
VisualStudioVersion = 12.0.30501.0
MinimumVisualStudioVersion = 10.0.40219.1
Project("{F2A71F9B-5D33-465A-A702-920D77279786}") = "Targ", "Targ\Targ.fsproj", "{CE9008BA-4256-4522-A6E6-30713A1BA92A}"
EndProject
Global
	GlobalSection(SolutionConfigurationPlatforms) = preSolution
		Debug|Any CPU = Debug|Any CPU
		Release|Any CPU = Release|Any CPU
	EndGlobalSection
	GlobalSection(ProjectConfigurationPlatforms) = postSolution
		{CE9008BA-4256-4522-A6E6-30713A1BA92A}.Debug|Any CPU.ActiveCfg = Debug|Any CPU
		{CE9008BA-4256-4522-A6E6-30713A1BA92A}.Debug|Any CPU.Build.0 = Debug|Any CPU
		{CE9008BA-4256-4522-A6E6-30713A1BA92A}.Release|Any CPU.ActiveCfg = Release|Any CPU
		{CE9008BA-4256-4522-A6E6-30713A1BA92A}.Release|Any CPU.Build.0 = Release|Any CPU
	EndGlobalSection
	GlobalSection(SolutionProperties) = preSolution
		HideSolutionNode = FALSE
	EndGlobalSection
EndGlobal
